// !$*UTF8*$!
{
	archiveVersion = 1;
	classes = {
	};
	objectVersion = 46;
	objects = {

/* Begin PBXBuildFile section */
		361A61A11C422F44003E3A67 /* AppDelegate.swift in Sources */ = {isa = PBXBuildFile; fileRef = 361A61A01C422F44003E3A67 /* AppDelegate.swift */; };
		361A61A31C422F44003E3A67 /* ViewController.swift in Sources */ = {isa = PBXBuildFile; fileRef = 361A61A21C422F44003E3A67 /* ViewController.swift */; };
		361A61A61C422F44003E3A67 /* Main.storyboard in Resources */ = {isa = PBXBuildFile; fileRef = 361A61A41C422F44003E3A67 /* Main.storyboard */; };
		361A61A91C422F44003E3A67 /* SensorAudio.xcdatamodeld in Sources */ = {isa = PBXBuildFile; fileRef = 361A61A71C422F44003E3A67 /* SensorAudio.xcdatamodeld */; };
		361A61AB1C422F44003E3A67 /* Assets.xcassets in Resources */ = {isa = PBXBuildFile; fileRef = 361A61AA1C422F44003E3A67 /* Assets.xcassets */; };
		361A61AE1C422F44003E3A67 /* LaunchScreen.storyboard in Resources */ = {isa = PBXBuildFile; fileRef = 361A61AC1C422F44003E3A67 /* LaunchScreen.storyboard */; };
		361A61B91C422F44003E3A67 /* SensorAudioTests.swift in Sources */ = {isa = PBXBuildFile; fileRef = 361A61B81C422F44003E3A67 /* SensorAudioTests.swift */; };
		361A61C41C423750003E3A67 /* testTone.wav in Resources */ = {isa = PBXBuildFile; fileRef = 361A61C31C423750003E3A67 /* testTone.wav */; };
/* End PBXBuildFile section */

/* Begin PBXContainerItemProxy section */
		361A61B51C422F44003E3A67 /* PBXContainerItemProxy */ = {
			isa = PBXContainerItemProxy;
			containerPortal = 361A61951C422F43003E3A67 /* Project object */;
			proxyType = 1;
			remoteGlobalIDString = 361A619C1C422F43003E3A67;
			remoteInfo = SensorAudio;
		};
/* End PBXContainerItemProxy section */

/* Begin PBXFileReference section */
		361A619D1C422F44003E3A67 /* SensorAudio.app */ = {isa = PBXFileReference; explicitFileType = wrapper.application; includeInIndex = 0; path = SensorAudio.app; sourceTree = BUILT_PRODUCTS_DIR; };
		361A61A01C422F44003E3A67 /* AppDelegate.swift */ = {isa = PBXFileReference; lastKnownFileType = sourcecode.swift; path = AppDelegate.swift; sourceTree = "<group>"; };
		361A61A21C422F44003E3A67 /* ViewController.swift */ = {isa = PBXFileReference; lastKnownFileType = sourcecode.swift; path = ViewController.swift; sourceTree = "<group>"; };
		361A61A51C422F44003E3A67 /* Base */ = {isa = PBXFileReference; lastKnownFileType = file.storyboard; name = Base; path = Base.lproj/Main.storyboard; sourceTree = "<group>"; };
		361A61A81C422F44003E3A67 /* SensorAudio.xcdatamodel */ = {isa = PBXFileReference; lastKnownFileType = wrapper.xcdatamodel; path = SensorAudio.xcdatamodel; sourceTree = "<group>"; };
		361A61AA1C422F44003E3A67 /* Assets.xcassets */ = {isa = PBXFileReference; lastKnownFileType = folder.assetcatalog; path = Assets.xcassets; sourceTree = "<group>"; };
		361A61AD1C422F44003E3A67 /* Base */ = {isa = PBXFileReference; lastKnownFileType = file.storyboard; name = Base; path = Base.lproj/LaunchScreen.storyboard; sourceTree = "<group>"; };
		361A61AF1C422F44003E3A67 /* Info.plist */ = {isa = PBXFileReference; lastKnownFileType = text.plist.xml; path = Info.plist; sourceTree = "<group>"; };
		361A61B41C422F44003E3A67 /* SensorAudioTests.xctest */ = {isa = PBXFileReference; explicitFileType = wrapper.cfbundle; includeInIndex = 0; path = SensorAudioTests.xctest; sourceTree = BUILT_PRODUCTS_DIR; };
		361A61B81C422F44003E3A67 /* SensorAudioTests.swift */ = {isa = PBXFileReference; lastKnownFileType = sourcecode.swift; path = SensorAudioTests.swift; sourceTree = "<group>"; };
		361A61BA1C422F44003E3A67 /* Info.plist */ = {isa = PBXFileReference; lastKnownFileType = text.plist.xml; path = Info.plist; sourceTree = "<group>"; };
		361A61C31C423750003E3A67 /* testTone.wav */ = {isa = PBXFileReference; lastKnownFileType = audio.wav; path = testTone.wav; sourceTree = "<group>"; };
/* End PBXFileReference section */

/* Begin PBXFrameworksBuildPhase section */
		361A619A1C422F43003E3A67 /* Frameworks */ = {
			isa = PBXFrameworksBuildPhase;
			buildActionMask = 2147483647;
			files = (
			);
			runOnlyForDeploymentPostprocessing = 0;
		};
		361A61B11C422F44003E3A67 /* Frameworks */ = {
			isa = PBXFrameworksBuildPhase;
			buildActionMask = 2147483647;
			files = (
			);
			runOnlyForDeploymentPostprocessing = 0;
		};
/* End PBXFrameworksBuildPhase section */

/* Begin PBXGroup section */
		361A61941C422F43003E3A67 = {
			isa = PBXGroup;
			children = (
				361A619F1C422F44003E3A67 /* SensorAudio */,
				361A61B71C422F44003E3A67 /* SensorAudioTests */,
				361A619E1C422F44003E3A67 /* Products */,
			);
			sourceTree = "<group>";
		};
		361A619E1C422F44003E3A67 /* Products */ = {
			isa = PBXGroup;
			children = (
				361A619D1C422F44003E3A67 /* SensorAudio.app */,
				361A61B41C422F44003E3A67 /* SensorAudioTests.xctest */,
			);
			name = Products;
			sourceTree = "<group>";
		};
		361A619F1C422F44003E3A67 /* SensorAudio */ = {
			isa = PBXGroup;
			children = (
				361A61A01C422F44003E3A67 /* AppDelegate.swift */,
				361A61A21C422F44003E3A67 /* ViewController.swift */,
				361A61A41C422F44003E3A67 /* Main.storyboard */,
				361A61AA1C422F44003E3A67 /* Assets.xcassets */,
				361A61C31C423750003E3A67 /* testTone.wav */,
				361A61AC1C422F44003E3A67 /* LaunchScreen.storyboard */,
				361A61AF1C422F44003E3A67 /* Info.plist */,
				361A61A71C422F44003E3A67 /* SensorAudio.xcdatamodeld */,
			);
			path = SensorAudio;
			sourceTree = "<group>";
		};
		361A61B71C422F44003E3A67 /* SensorAudioTests */ = {
			isa = PBXGroup;
			children = (
				361A61B81C422F44003E3A67 /* SensorAudioTests.swift */,
				361A61BA1C422F44003E3A67 /* Info.plist */,
			);
			path = SensorAudioTests;
			sourceTree = "<group>";
		};
/* End PBXGroup section */

/* Begin PBXNativeTarget section */
		361A619C1C422F43003E3A67 /* SensorAudio */ = {
			isa = PBXNativeTarget;
			buildConfigurationList = 361A61BD1C422F44003E3A67 /* Build configuration list for PBXNativeTarget "SensorAudio" */;
			buildPhases = (
				361A61991C422F43003E3A67 /* Sources */,
				361A619A1C422F43003E3A67 /* Frameworks */,
				361A619B1C422F43003E3A67 /* Resources */,
			);
			buildRules = (
			);
			dependencies = (
			);
			name = SensorAudio;
			productName = SensorAudio;
			productReference = 361A619D1C422F44003E3A67 /* SensorAudio.app */;
			productType = "com.apple.product-type.application";
		};
		361A61B31C422F44003E3A67 /* SensorAudioTests */ = {
			isa = PBXNativeTarget;
			buildConfigurationList = 361A61C01C422F44003E3A67 /* Build configuration list for PBXNativeTarget "SensorAudioTests" */;
			buildPhases = (
				361A61B01C422F44003E3A67 /* Sources */,
				361A61B11C422F44003E3A67 /* Frameworks */,
				361A61B21C422F44003E3A67 /* Resources */,
			);
			buildRules = (
			);
			dependencies = (
				361A61B61C422F44003E3A67 /* PBXTargetDependency */,
			);
			name = SensorAudioTests;
			productName = SensorAudioTests;
			productReference = 361A61B41C422F44003E3A67 /* SensorAudioTests.xctest */;
			productType = "com.apple.product-type.bundle.unit-test";
		};
/* End PBXNativeTarget section */

/* Begin PBXProject section */
		361A61951C422F43003E3A67 /* Project object */ = {
			isa = PBXProject;
			attributes = {
				LastSwiftUpdateCheck = 0720;
				LastUpgradeCheck = 0720;
				ORGANIZATIONNAME = "Ben Ha";
				TargetAttributes = {
					361A619C1C422F43003E3A67 = {
						CreatedOnToolsVersion = 7.2;
					};
					361A61B31C422F44003E3A67 = {
						CreatedOnToolsVersion = 7.2;
						TestTargetID = 361A619C1C422F43003E3A67;
					};
				};
			};
			buildConfigurationList = 361A61981C422F43003E3A67 /* Build configuration list for PBXProject "SensorAudio" */;
			compatibilityVersion = "Xcode 3.2";
			developmentRegion = English;
			hasScannedForEncodings = 0;
			knownRegions = (
				en,
				Base,
			);
			mainGroup = 361A61941C422F43003E3A67;
			productRefGroup = 361A619E1C422F44003E3A67 /* Products */;
			projectDirPath = "";
			projectRoot = "";
			targets = (
				361A619C1C422F43003E3A67 /* SensorAudio */,
				361A61B31C422F44003E3A67 /* SensorAudioTests */,
			);
		};
/* End PBXProject section */

/* Begin PBXResourcesBuildPhase section */
		361A619B1C422F43003E3A67 /* Resources */ = {
			isa = PBXResourcesBuildPhase;
			buildActionMask = 2147483647;
			files = (
				361A61AE1C422F44003E3A67 /* LaunchScreen.storyboard in Resources */,
				361A61AB1C422F44003E3A67 /* Assets.xcassets in Resources */,
				361A61C41C423750003E3A67 /* testTone.wav in Resources */,
				361A61A61C422F44003E3A67 /* Main.storyboard in Resources */,
			);
			runOnlyForDeploymentPostprocessing = 0;
		};
		361A61B21C422F44003E3A67 /* Resources */ = {
			isa = PBXResourcesBuildPhase;
			buildActionMask = 2147483647;
			files = (
			);
			runOnlyForDeploymentPostprocessing = 0;
		};
/* End PBXResourcesBuildPhase section */

/* Begin PBXSourcesBuildPhase section */
		361A61991C422F43003E3A67 /* Sources */ = {
			isa = PBXSourcesBuildPhase;
			buildActionMask = 2147483647;
			files = (
				361A61A91C422F44003E3A67 /* SensorAudio.xcdatamodeld in Sources */,
				361A61A31C422F44003E3A67 /* ViewController.swift in Sources */,
				361A61A11C422F44003E3A67 /* AppDelegate.swift in Sources */,
			);
			runOnlyForDeploymentPostprocessing = 0;
		};
		361A61B01C422F44003E3A67 /* Sources */ = {
			isa = PBXSourcesBuildPhase;
			buildActionMask = 2147483647;
			files = (
				361A61B91C422F44003E3A67 /* SensorAudioTests.swift in Sources */,
			);
			runOnlyForDeploymentPostprocessing = 0;
		};
/* End PBXSourcesBuildPhase section */

/* Begin PBXTargetDependency section */
		361A61B61C422F44003E3A67 /* PBXTargetDependency */ = {
			isa = PBXTargetDependency;
			target = 361A619C1C422F43003E3A67 /* SensorAudio */;
			targetProxy = 361A61B51C422F44003E3A67 /* PBXContainerItemProxy */;
		};
/* End PBXTargetDependency section */

/* Begin PBXVariantGroup section */
		361A61A41C422F44003E3A67 /* Main.storyboard */ = {
			isa = PBXVariantGroup;
			children = (
				361A61A51C422F44003E3A67 /* Base */,
			);
			name = Main.storyboard;
			sourceTree = "<group>";
		};
		361A61AC1C422F44003E3A67 /* LaunchScreen.storyboard */ = {
			isa = PBXVariantGroup;
			children = (
				361A61AD1C422F44003E3A67 /* Base */,
			);
			name = LaunchScreen.storyboard;
			sourceTree = "<group>";
		};
/* End PBXVariantGroup section */

/* Begin XCBuildConfiguration section */
		361A61BB1C422F44003E3A67 /* Debug */ = {
			isa = XCBuildConfiguration;
			buildSettings = {
				ALWAYS_SEARCH_USER_PATHS = NO;
				CLANG_CXX_LANGUAGE_STANDARD = "gnu++0x";
				CLANG_CXX_LIBRARY = "libc++";
				CLANG_ENABLE_MODULES = YES;
				CLANG_ENABLE_OBJC_ARC = YES;
				CLANG_WARN_BOOL_CONVERSION = YES;
				CLANG_WARN_CONSTANT_CONVERSION = YES;
				CLANG_WARN_DIRECT_OBJC_ISA_USAGE = YES_ERROR;
				CLANG_WARN_EMPTY_BODY = YES;
				CLANG_WARN_ENUM_CONVERSION = YES;
				CLANG_WARN_INT_CONVERSION = YES;
				CLANG_WARN_OBJC_ROOT_CLASS = YES_ERROR;
				CLANG_WARN_UNREACHABLE_CODE = YES;
				CLANG_WARN__DUPLICATE_METHOD_MATCH = YES;
				"CODE_SIGN_IDENTITY[sdk=iphoneos*]" = "iPhone Developer";
				COPY_PHASE_STRIP = NO;
				DEBUG_INFORMATION_FORMAT = dwarf;
				ENABLE_STRICT_OBJC_MSGSEND = YES;
				ENABLE_TESTABILITY = YES;
				GCC_C_LANGUAGE_STANDARD = gnu99;
				GCC_DYNAMIC_NO_PIC = NO;
				GCC_NO_COMMON_BLOCKS = YES;
				GCC_OPTIMIZATION_LEVEL = 0;
				GCC_PREPROCESSOR_DEFINITIONS = (
					"DEBUG=1",
					"$(inherited)",
				);
				GCC_WARN_64_TO_32_BIT_CONVERSION = YES;
				GCC_WARN_ABOUT_RETURN_TYPE = YES_ERROR;
				GCC_WARN_UNDECLARED_SELECTOR = YES;
				GCC_WARN_UNINITIALIZED_AUTOS = YES_AGGRESSIVE;
				GCC_WARN_UNUSED_FUNCTION = YES;
				GCC_WARN_UNUSED_VARIABLE = YES;
				IPHONEOS_DEPLOYMENT_TARGET = 9.2;
				MTL_ENABLE_DEBUG_INFO = YES;
				ONLY_ACTIVE_ARCH = YES;
				SDKROOT = iphoneos;
				SWIFT_OPTIMIZATION_LEVEL = "-Onone";
				TARGETED_DEVICE_FAMILY = "1,2";
			};
			name = Debug;
		};
		361A61BC1C422F44003E3A67 /* Release */ = {
			isa = XCBuildConfiguration;
			buildSettings = {
				ALWAYS_SEARCH_USER_PATHS = NO;
				CLANG_CXX_LANGUAGE_STANDARD = "gnu++0x";
				CLANG_CXX_LIBRARY = "libc++";
				CLANG_ENABLE_MODULES = YES;
				CLANG_ENABLE_OBJC_ARC = YES;
				CLANG_WARN_BOOL_CONVERSION = YES;
				CLANG_WARN_CONSTANT_CONVERSION = YES;
				CLANG_WARN_DIRECT_OBJC_ISA_USAGE = YES_ERROR;
				CLANG_WARN_EMPTY_BODY = YES;
				CLANG_WARN_ENUM_CONVERSION = YES;
				CLANG_WARN_INT_CONVERSION = YES;
				CLANG_WARN_OBJC_ROOT_CLASS = YES_ERROR;
				CLANG_WARN_UNREACHABLE_CODE = YES;
				CLANG_WARN__DUPLICATE_METHOD_MATCH = YES;
				"CODE_SIGN_IDENTITY[sdk=iphoneos*]" = "iPhone Developer";
				COPY_PHASE_STRIP = NO;
				DEBUG_INFORMATION_FORMAT = "dwarf-with-dsym";
				ENABLE_NS_ASSERTIONS = NO;
				ENABLE_STRICT_OBJC_MSGSEND = YES;
				GCC_C_LANGUAGE_STANDARD = gnu99;
				GCC_NO_COMMON_BLOCKS = YES;
				GCC_WARN_64_TO_32_BIT_CONVERSION = YES;
				GCC_WARN_ABOUT_RETURN_TYPE = YES_ERROR;
				GCC_WARN_UNDECLARED_SELECTOR = YES;
				GCC_WARN_UNINITIALIZED_AUTOS = YES_AGGRESSIVE;
				GCC_WARN_UNUSED_FUNCTION = YES;
				GCC_WARN_UNUSED_VARIABLE = YES;
				IPHONEOS_DEPLOYMENT_TARGET = 9.2;
				MTL_ENABLE_DEBUG_INFO = NO;
				SDKROOT = iphoneos;
				TARGETED_DEVICE_FAMILY = "1,2";
				VALIDATE_PRODUCT = YES;
			};
			name = Release;
		};
		361A61BE1C422F44003E3A67 /* Debug */ = {
			isa = XCBuildConfiguration;
			buildSettings = {
				ASSETCATALOG_COMPILER_APPICON_NAME = AppIcon;
				INFOPLIST_FILE = SensorAudio/Info.plist;
				IPHONEOS_DEPLOYMENT_TARGET = 9.0;
				LD_RUNPATH_SEARCH_PATHS = "$(inherited) @executable_path/Frameworks";
				PRODUCT_BUNDLE_IDENTIFIER = benjaminha.SensorAudio;
				PRODUCT_NAME = "$(TARGET_NAME)";
			};
			name = Debug;
		};
		361A61BF1C422F44003E3A67 /* Release */ = {
			isa = XCBuildConfiguration;
			buildSettings = {
				ASSETCATALOG_COMPILER_APPICON_NAME = AppIcon;
				INFOPLIST_FILE = SensorAudio/Info.plist;
				IPHONEOS_DEPLOYMENT_TARGET = 9.0;
				LD_RUNPATH_SEARCH_PATHS = "$(inherited) @executable_path/Frameworks";
				PRODUCT_BUNDLE_IDENTIFIER = benjaminha.SensorAudio;
				PRODUCT_NAME = "$(TARGET_NAME)";
			};
			name = Release;
		};
		361A61C11C422F44003E3A67 /* Debug */ = {
			isa = XCBuildConfiguration;
			buildSettings = {
				BUNDLE_LOADER = "$(TEST_HOST)";
				INFOPLIST_FILE = SensorAudioTests/Info.plist;
				LD_RUNPATH_SEARCH_PATHS = "$(inherited) @executable_path/Frameworks @loader_path/Frameworks";
				PRODUCT_BUNDLE_IDENTIFIER = benjaminha.SensorAudioTests;
				PRODUCT_NAME = "$(TARGET_NAME)";
				TEST_HOST = "$(BUILT_PRODUCTS_DIR)/SensorAudio.app/SensorAudio";
			};
			name = Debug;
		};
		361A61C21C422F44003E3A67 /* Release */ = {
			isa = XCBuildConfiguration;
			buildSettings = {
				BUNDLE_LOADER = "$(TEST_HOST)";
				INFOPLIST_FILE = SensorAudioTests/Info.plist;
				LD_RUNPATH_SEARCH_PATHS = "$(inherited) @executable_path/Frameworks @loader_path/Frameworks";
				PRODUCT_BUNDLE_IDENTIFIER = benjaminha.SensorAudioTests;
				PRODUCT_NAME = "$(TARGET_NAME)";
				TEST_HOST = "$(BUILT_PRODUCTS_DIR)/SensorAudio.app/SensorAudio";
			};
			name = Release;
		};
/* End XCBuildConfiguration section */

/* Begin XCConfigurationList section */
		361A61981C422F43003E3A67 /* Build configuration list for PBXProject "SensorAudio" */ = {
			isa = XCConfigurationList;
			buildConfigurations = (
				361A61BB1C422F44003E3A67 /* Debug */,
				361A61BC1C422F44003E3A67 /* Release */,
			);
			defaultConfigurationIsVisible = 0;
			defaultConfigurationName = Release;
		};
		361A61BD1C422F44003E3A67 /* Build configuration list for PBXNativeTarget "SensorAudio" */ = {
			isa = XCConfigurationList;
			buildConfigurations = (
				361A61BE1C422F44003E3A67 /* Debug */,
				361A61BF1C422F44003E3A67 /* Release */,
			);
			defaultConfigurationIsVisible = 0;
			defaultConfigurationName = Release;
		};
		361A61C01C422F44003E3A67 /* Build configuration list for PBXNativeTarget "SensorAudioTests" */ = {
			isa = XCConfigurationList;
			buildConfigurations = (
				361A61C11C422F44003E3A67 /* Debug */,
				361A61C21C422F44003E3A67 /* Release */,
			);
			defaultConfigurationIsVisible = 0;
			defaultConfigurationName = Release;
		};
/* End XCConfigurationList section */

/* Begin XCVersionGroup section */
		361A61A71C422F44003E3A67 /* SensorAudio.xcdatamodeld */ = {
			isa = XCVersionGroup;
			children = (
				361A61A81C422F44003E3A67 /* SensorAudio.xcdatamodel */,
			);
			currentVersion = 361A61A81C422F44003E3A67 /* SensorAudio.xcdatamodel */;
			path = SensorAudio.xcdatamodeld;
			sourceTree = "<group>";
			versionGroupType = wrapper.xcdatamodel;
		};
/* End XCVersionGroup section */
	};
	rootObject = 361A61951C422F43003E3A67 /* Project object */;
}
